
Microsoft Visual Studio Solution File, Format Version 12.00
# Visual Studio 15
VisualStudioVersion = 15.0.27130.2027
MinimumVisualStudioVersion = 10.0.40219.1
Project("{FAE04EC0-301F-11D3-BF4B-00C04F79EFBC}") = "Fody", "Fody\Fody.csproj", "{C3578A7B-09A6-4444-9383-0DEAFA4958BD}"
EndProject
Project("{FAE04EC0-301F-11D3-BF4B-00C04F79EFBC}") = "AssemblyToProcess", "AssemblyToProcess\AssemblyToProcess.csproj", "{7DEC4E2D-F872-434E-A267-0BAD65299950}"
EndProject
Project("{FAE04EC0-301F-11D3-BF4B-00C04F79EFBC}") = "Tests", "Tests\Tests.csproj", "{F967F593-8348-4071-BF5F-D4E3002C4139}"
EndProject
Project("{2150E333-8FDC-42A3-9474-1A3956D46DE8}") = "Solution Items", "Solution Items", "{A12E28EE-9FE0-4997-892C-117919D5EE42}"
	ProjectSection(SolutionItems) = preProject
		CommonAssemblyInfo.cs = CommonAssemblyInfo.cs
		license.txt = license.txt
		README.md = README.md
	EndProjectSection
EndProject
Project("{FAE04EC0-301F-11D3-BF4B-00C04F79EFBC}") = "AssemblyToProcess.InternalAttributes", "AssemblyToProcess.InternalAttributes\AssemblyToProcess.InternalAttributes.csproj", "{472E0999-01B0-45BD-8049-FE2C36249C51}"
EndProject
Project("{FAE04EC0-301F-11D3-BF4B-00C04F79EFBC}") = "InternalAttributes", "InternalAttributes\InternalAttributes.csproj", "{789ECD9F-3F03-4F22-9593-CB2E98B79FD9}"
EndProject
Global
	GlobalSection(SolutionConfigurationPlatforms) = preSolution
		Debug|Any CPU = Debug|Any CPU
		Release|Any CPU = Release|Any CPU
	EndGlobalSection
	GlobalSection(ProjectConfigurationPlatforms) = postSolution
		{C3578A7B-09A6-4444-9383-0DEAFA4958BD}.Debug|Any CPU.ActiveCfg = Debug|Any CPU
		{C3578A7B-09A6-4444-9383-0DEAFA4958BD}.Debug|Any CPU.Build.0 = Debug|Any CPU
		{C3578A7B-09A6-4444-9383-0DEAFA4958BD}.Release|Any CPU.ActiveCfg = Release|Any CPU
		{C3578A7B-09A6-4444-9383-0DEAFA4958BD}.Release|Any CPU.Build.0 = Release|Any CPU
		{7DEC4E2D-F872-434E-A267-0BAD65299950}.Debug|Any CPU.ActiveCfg = Debug|Any CPU
		{7DEC4E2D-F872-434E-A267-0BAD65299950}.Debug|Any CPU.Build.0 = Debug|Any CPU
		{7DEC4E2D-F872-434E-A267-0BAD65299950}.Release|Any CPU.ActiveCfg = Release|Any CPU
		{7DEC4E2D-F872-434E-A267-0BAD65299950}.Release|Any CPU.Build.0 = Release|Any CPU
		{F967F593-8348-4071-BF5F-D4E3002C4139}.Debug|Any CPU.ActiveCfg = Debug|Any CPU
		{F967F593-8348-4071-BF5F-D4E3002C4139}.Debug|Any CPU.Build.0 = Debug|Any CPU
		{F967F593-8348-4071-BF5F-D4E3002C4139}.Release|Any CPU.ActiveCfg = Release|Any CPU
		{F967F593-8348-4071-BF5F-D4E3002C4139}.Release|Any CPU.Build.0 = Release|Any CPU
		{472E0999-01B0-45BD-8049-FE2C36249C51}.Debug|Any CPU.ActiveCfg = Debug|Any CPU
		{472E0999-01B0-45BD-8049-FE2C36249C51}.Debug|Any CPU.Build.0 = Debug|Any CPU
		{472E0999-01B0-45BD-8049-FE2C36249C51}.Release|Any CPU.ActiveCfg = Release|Any CPU
		{472E0999-01B0-45BD-8049-FE2C36249C51}.Release|Any CPU.Build.0 = Release|Any CPU
		{789ECD9F-3F03-4F22-9593-CB2E98B79FD9}.Debug|Any CPU.ActiveCfg = Debug|Any CPU
		{789ECD9F-3F03-4F22-9593-CB2E98B79FD9}.Debug|Any CPU.Build.0 = Debug|Any CPU
		{789ECD9F-3F03-4F22-9593-CB2E98B79FD9}.Release|Any CPU.ActiveCfg = Release|Any CPU
		{789ECD9F-3F03-4F22-9593-CB2E98B79FD9}.Release|Any CPU.Build.0 = Release|Any CPU
	EndGlobalSection
	GlobalSection(SolutionProperties) = preSolution
		HideSolutionNode = FALSE
	EndGlobalSection
	GlobalSection(ExtensibilityGlobals) = postSolution
		SolutionGuid = {37824333-FE26-4691-B5D2-2E06BB9794B3}
	EndGlobalSection
EndGlobal
